// !$*UTF8*$!
{
	archiveVersion = 1;
	classes = {
	};
	objectVersion = 55;
	objects = {

/* Begin PBXBuildFile section */
		97097B212851C9FC0078FED9 /* AppDelegate.swift in Sources */ = {isa = PBXBuildFile; fileRef = 97097B202851C9FC0078FED9 /* AppDelegate.swift */; };
		97097B2A2851C9FC0078FED9 /* Assets.xcassets in Resources */ = {isa = PBXBuildFile; fileRef = 97097B292851C9FC0078FED9 /* Assets.xcassets */; };
		97097B2D2851C9FC0078FED9 /* LaunchScreen.storyboard in Resources */ = {isa = PBXBuildFile; fileRef = 97097B2B2851C9FC0078FED9 /* LaunchScreen.storyboard */; };
		97097B352851CB600078FED9 /* MainMenuViewController.swift in Sources */ = {isa = PBXBuildFile; fileRef = 97097B342851CB600078FED9 /* MainMenuViewController.swift */; };
		97097B3C2851CCEC0078FED9 /* MenuModel.swift in Sources */ = {isa = PBXBuildFile; fileRef = 97097B3B2851CCEC0078FED9 /* MenuModel.swift */; };
		97097B3E2851CD560078FED9 /* MainMenuPresenter.swift in Sources */ = {isa = PBXBuildFile; fileRef = 97097B3D2851CD560078FED9 /* MainMenuPresenter.swift */; };
		97097B402851CD860078FED9 /* TableViewCustomCell.swift in Sources */ = {isa = PBXBuildFile; fileRef = 97097B3F2851CD860078FED9 /* TableViewCustomCell.swift */; };
		97097B432851CDC20078FED9 /* SnapKit in Frameworks */ = {isa = PBXBuildFile; productRef = 97097B422851CDC20078FED9 /* SnapKit */; };
		97097B462851E42E0078FED9 /* NetworkService.swift in Sources */ = {isa = PBXBuildFile; fileRef = 97097B452851E42E0078FED9 /* NetworkService.swift */; };
		97097B4A2851EA830078FED9 /* ProfileViewController.swift in Sources */ = {isa = PBXBuildFile; fileRef = 97097B492851EA830078FED9 /* ProfileViewController.swift */; };
		97097B4C2851EA910078FED9 /* ProfilePresenter.swift in Sources */ = {isa = PBXBuildFile; fileRef = 97097B4B2851EA910078FED9 /* ProfilePresenter.swift */; };
		97097B532851EB2C0078FED9 /* DetailViewController.swift in Sources */ = {isa = PBXBuildFile; fileRef = 97097B522851EB2C0078FED9 /* DetailViewController.swift */; };
		97097B552851EB360078FED9 /* DetailPresenter.swift in Sources */ = {isa = PBXBuildFile; fileRef = 97097B542851EB360078FED9 /* DetailPresenter.swift */; };
		97097B572851EB600078FED9 /* CollectionMenuPresenter.swift in Sources */ = {isa = PBXBuildFile; fileRef = 97097B562851EB600078FED9 /* CollectionMenuPresenter.swift */; };
		97097B592851EB750078FED9 /* CollectionMenuViewController.swift in Sources */ = {isa = PBXBuildFile; fileRef = 97097B582851EB750078FED9 /* CollectionMenuViewController.swift */; };
		97097B5B2851EBA50078FED9 /* CollectionViewCustomCell.swift in Sources */ = {isa = PBXBuildFile; fileRef = 97097B5A2851EBA50078FED9 /* CollectionViewCustomCell.swift */; };
		979D629E28521A6A00EEE341 /* UserModel.swift in Sources */ = {isa = PBXBuildFile; fileRef = 979D629D28521A6A00EEE341 /* UserModel.swift */; };
/* End PBXBuildFile section */

/* Begin PBXFileReference section */
		97097B1D2851C9FC0078FED9 /* MyFirstMVP.app */ = {isa = PBXFileReference; explicitFileType = wrapper.application; includeInIndex = 0; path = MyFirstMVP.app; sourceTree = BUILT_PRODUCTS_DIR; };
		97097B202851C9FC0078FED9 /* AppDelegate.swift */ = {isa = PBXFileReference; lastKnownFileType = sourcecode.swift; path = AppDelegate.swift; sourceTree = "<group>"; };
		97097B292851C9FC0078FED9 /* Assets.xcassets */ = {isa = PBXFileReference; lastKnownFileType = folder.assetcatalog; path = Assets.xcassets; sourceTree = "<group>"; };
		97097B2C2851C9FC0078FED9 /* Base */ = {isa = PBXFileReference; lastKnownFileType = file.storyboard; name = Base; path = Base.lproj/LaunchScreen.storyboard; sourceTree = "<group>"; };
		97097B2E2851C9FC0078FED9 /* Info.plist */ = {isa = PBXFileReference; lastKnownFileType = text.plist.xml; path = Info.plist; sourceTree = "<group>"; };
		97097B342851CB600078FED9 /* MainMenuViewController.swift */ = {isa = PBXFileReference; lastKnownFileType = sourcecode.swift; path = MainMenuViewController.swift; sourceTree = "<group>"; };
		97097B3B2851CCEC0078FED9 /* MenuModel.swift */ = {isa = PBXFileReference; lastKnownFileType = sourcecode.swift; path = MenuModel.swift; sourceTree = "<group>"; };
		97097B3D2851CD560078FED9 /* MainMenuPresenter.swift */ = {isa = PBXFileReference; lastKnownFileType = sourcecode.swift; path = MainMenuPresenter.swift; sourceTree = "<group>"; };
		97097B3F2851CD860078FED9 /* TableViewCustomCell.swift */ = {isa = PBXFileReference; lastKnownFileType = sourcecode.swift; path = TableViewCustomCell.swift; sourceTree = "<group>"; };
		97097B452851E42E0078FED9 /* NetworkService.swift */ = {isa = PBXFileReference; lastKnownFileType = sourcecode.swift; path = NetworkService.swift; sourceTree = "<group>"; };
		97097B492851EA830078FED9 /* ProfileViewController.swift */ = {isa = PBXFileReference; lastKnownFileType = sourcecode.swift; path = ProfileViewController.swift; sourceTree = "<group>"; };
		97097B4B2851EA910078FED9 /* ProfilePresenter.swift */ = {isa = PBXFileReference; lastKnownFileType = sourcecode.swift; path = ProfilePresenter.swift; sourceTree = "<group>"; };
		97097B522851EB2C0078FED9 /* DetailViewController.swift */ = {isa = PBXFileReference; lastKnownFileType = sourcecode.swift; path = DetailViewController.swift; sourceTree = "<group>"; };
		97097B542851EB360078FED9 /* DetailPresenter.swift */ = {isa = PBXFileReference; lastKnownFileType = sourcecode.swift; path = DetailPresenter.swift; sourceTree = "<group>"; };
		97097B562851EB600078FED9 /* CollectionMenuPresenter.swift */ = {isa = PBXFileReference; lastKnownFileType = sourcecode.swift; path = CollectionMenuPresenter.swift; sourceTree = "<group>"; };
		97097B582851EB750078FED9 /* CollectionMenuViewController.swift */ = {isa = PBXFileReference; lastKnownFileType = sourcecode.swift; path = CollectionMenuViewController.swift; sourceTree = "<group>"; };
		97097B5A2851EBA50078FED9 /* CollectionViewCustomCell.swift */ = {isa = PBXFileReference; lastKnownFileType = sourcecode.swift; path = CollectionViewCustomCell.swift; sourceTree = "<group>"; };
		979D629D28521A6A00EEE341 /* UserModel.swift */ = {isa = PBXFileReference; lastKnownFileType = sourcecode.swift; path = UserModel.swift; sourceTree = "<group>"; };
/* End PBXFileReference section */

/* Begin PBXFrameworksBuildPhase section */
		97097B1A2851C9FC0078FED9 /* Frameworks */ = {
			isa = PBXFrameworksBuildPhase;
			buildActionMask = 2147483647;
			files = (
				97097B432851CDC20078FED9 /* SnapKit in Frameworks */,
			);
			runOnlyForDeploymentPostprocessing = 0;
		};
/* End PBXFrameworksBuildPhase section */

/* Begin PBXGroup section */
		97097B142851C9FC0078FED9 = {
			isa = PBXGroup;
			children = (
				97097B1F2851C9FC0078FED9 /* MyFirstMVP */,
				97097B1E2851C9FC0078FED9 /* Products */,
			);
			sourceTree = "<group>";
		};
		97097B1E2851C9FC0078FED9 /* Products */ = {
			isa = PBXGroup;
			children = (
				97097B1D2851C9FC0078FED9 /* MyFirstMVP.app */,
			);
			name = Products;
			sourceTree = "<group>";
		};
		97097B1F2851C9FC0078FED9 /* MyFirstMVP */ = {
			isa = PBXGroup;
			children = (
				97097B3A2851CCCF0078FED9 /* Models */,
				97097B362851CC2D0078FED9 /* PresentationLayer */,
				97097B442851E3FB0078FED9 /* Services */,
				97097B202851C9FC0078FED9 /* AppDelegate.swift */,
				97097B292851C9FC0078FED9 /* Assets.xcassets */,
				97097B2B2851C9FC0078FED9 /* LaunchScreen.storyboard */,
				97097B2E2851C9FC0078FED9 /* Info.plist */,
			);
			path = MyFirstMVP;
			sourceTree = "<group>";
		};
		97097B362851CC2D0078FED9 /* PresentationLayer */ = {
			isa = PBXGroup;
			children = (
				97097B472851EA120078FED9 /* CollectionMenuModule */,
				97097B392851CC8A0078FED9 /* DetailModule */,
				97097B372851CC570078FED9 /* MainMenuModule */,
				97097B482851EA3A0078FED9 /* ProfileModule */,
			);
			path = PresentationLayer;
			sourceTree = "<group>";
		};
		97097B372851CC570078FED9 /* MainMenuModule */ = {
			isa = PBXGroup;
			children = (
				97097B3D2851CD560078FED9 /* MainMenuPresenter.swift */,
				97097B342851CB600078FED9 /* MainMenuViewController.swift */,
				97097B3F2851CD860078FED9 /* TableViewCustomCell.swift */,
			);
			path = MainMenuModule;
			sourceTree = "<group>";
		};
		97097B392851CC8A0078FED9 /* DetailModule */ = {
			isa = PBXGroup;
			children = (
				97097B542851EB360078FED9 /* DetailPresenter.swift */,
				97097B522851EB2C0078FED9 /* DetailViewController.swift */,
			);
			path = DetailModule;
			sourceTree = "<group>";
		};
		97097B3A2851CCCF0078FED9 /* Models */ = {
			isa = PBXGroup;
			children = (
				97097B3B2851CCEC0078FED9 /* MenuModel.swift */,
				979D629D28521A6A00EEE341 /* UserModel.swift */,
			);
			path = Models;
			sourceTree = "<group>";
		};
		97097B442851E3FB0078FED9 /* Services */ = {
			isa = PBXGroup;
			children = (
				97097B452851E42E0078FED9 /* NetworkService.swift */,
			);
			path = Services;
			sourceTree = "<group>";
		};
		97097B472851EA120078FED9 /* CollectionMenuModule */ = {
			isa = PBXGroup;
			children = (
				97097B562851EB600078FED9 /* CollectionMenuPresenter.swift */,
				97097B582851EB750078FED9 /* CollectionMenuViewController.swift */,
				97097B5A2851EBA50078FED9 /* CollectionViewCustomCell.swift */,
			);
			path = CollectionMenuModule;
			sourceTree = "<group>";
		};
		97097B482851EA3A0078FED9 /* ProfileModule */ = {
			isa = PBXGroup;
			children = (
				97097B4B2851EA910078FED9 /* ProfilePresenter.swift */,
				97097B492851EA830078FED9 /* ProfileViewController.swift */,
			);
			path = ProfileModule;
			sourceTree = "<group>";
		};
/* End PBXGroup section */

/* Begin PBXNativeTarget section */
		97097B1C2851C9FC0078FED9 /* MyFirstMVP */ = {
			isa = PBXNativeTarget;
			buildConfigurationList = 97097B312851C9FC0078FED9 /* Build configuration list for PBXNativeTarget "MyFirstMVP" */;
			buildPhases = (
				97097B192851C9FC0078FED9 /* Sources */,
				97097B1A2851C9FC0078FED9 /* Frameworks */,
				97097B1B2851C9FC0078FED9 /* Resources */,
			);
			buildRules = (
			);
			dependencies = (
			);
			name = MyFirstMVP;
			packageProductDependencies = (
				97097B422851CDC20078FED9 /* SnapKit */,
			);
			productName = MyFirstMVP;
			productReference = 97097B1D2851C9FC0078FED9 /* MyFirstMVP.app */;
			productType = "com.apple.product-type.application";
		};
/* End PBXNativeTarget section */

/* Begin PBXProject section */
		97097B152851C9FC0078FED9 /* Project object */ = {
			isa = PBXProject;
			attributes = {
				BuildIndependentTargetsInParallel = 1;
				LastSwiftUpdateCheck = 1340;
				LastUpgradeCheck = 1340;
				TargetAttributes = {
					97097B1C2851C9FC0078FED9 = {
						CreatedOnToolsVersion = 13.4;
					};
				};
			};
			buildConfigurationList = 97097B182851C9FC0078FED9 /* Build configuration list for PBXProject "MyFirstMVP" */;
			compatibilityVersion = "Xcode 13.0";
			developmentRegion = en;
			hasScannedForEncodings = 0;
			knownRegions = (
				en,
				Base,
			);
			mainGroup = 97097B142851C9FC0078FED9;
			packageReferences = (
				97097B412851CDC20078FED9 /* XCRemoteSwiftPackageReference "SnapKit" */,
			);
			productRefGroup = 97097B1E2851C9FC0078FED9 /* Products */;
			projectDirPath = "";
			projectRoot = "";
			targets = (
				97097B1C2851C9FC0078FED9 /* MyFirstMVP */,
			);
		};
/* End PBXProject section */

/* Begin PBXResourcesBuildPhase section */
		97097B1B2851C9FC0078FED9 /* Resources */ = {
			isa = PBXResourcesBuildPhase;
			buildActionMask = 2147483647;
			files = (
				97097B2D2851C9FC0078FED9 /* LaunchScreen.storyboard in Resources */,
				97097B2A2851C9FC0078FED9 /* Assets.xcassets in Resources */,
			);
			runOnlyForDeploymentPostprocessing = 0;
		};
/* End PBXResourcesBuildPhase section */

/* Begin PBXSourcesBuildPhase section */
		97097B192851C9FC0078FED9 /* Sources */ = {
			isa = PBXSourcesBuildPhase;
			buildActionMask = 2147483647;
			files = (
				97097B532851EB2C0078FED9 /* DetailViewController.swift in Sources */,
				97097B5B2851EBA50078FED9 /* CollectionViewCustomCell.swift in Sources */,
				97097B402851CD860078FED9 /* TableViewCustomCell.swift in Sources */,
				97097B462851E42E0078FED9 /* NetworkService.swift in Sources */,
				97097B592851EB750078FED9 /* CollectionMenuViewController.swift in Sources */,
				97097B4C2851EA910078FED9 /* ProfilePresenter.swift in Sources */,
				97097B3E2851CD560078FED9 /* MainMenuPresenter.swift in Sources */,
				97097B352851CB600078FED9 /* MainMenuViewController.swift in Sources */,
				979D629E28521A6A00EEE341 /* UserModel.swift in Sources */,
				97097B4A2851EA830078FED9 /* ProfileViewController.swift in Sources */,
				97097B212851C9FC0078FED9 /* AppDelegate.swift in Sources */,
				97097B3C2851CCEC0078FED9 /* MenuModel.swift in Sources */,
				97097B552851EB360078FED9 /* DetailPresenter.swift in Sources */,
				97097B572851EB600078FED9 /* CollectionMenuPresenter.swift in Sources */,
			);
			runOnlyForDeploymentPostprocessing = 0;
		};
/* End PBXSourcesBuildPhase section */

/* Begin PBXVariantGroup section */
		97097B2B2851C9FC0078FED9 /* LaunchScreen.storyboard */ = {
			isa = PBXVariantGroup;
			children = (
				97097B2C2851C9FC0078FED9 /* Base */,
			);
			name = LaunchScreen.storyboard;
			sourceTree = "<group>";
		};
/* End PBXVariantGroup section */

/* Begin XCBuildConfiguration section */
		97097B2F2851C9FC0078FED9 /* Debug */ = {
			isa = XCBuildConfiguration;
			buildSettings = {
				ALWAYS_SEARCH_USER_PATHS = NO;
				CLANG_ANALYZER_NONNULL = YES;
				CLANG_ANALYZER_NUMBER_OBJECT_CONVERSION = YES_AGGRESSIVE;
				CLANG_CXX_LANGUAGE_STANDARD = "gnu++17";
				CLANG_ENABLE_MODULES = YES;
				CLANG_ENABLE_OBJC_ARC = YES;
				CLANG_ENABLE_OBJC_WEAK = YES;
				CLANG_WARN_BLOCK_CAPTURE_AUTORELEASING = YES;
				CLANG_WARN_BOOL_CONVERSION = YES;
				CLANG_WARN_COMMA = YES;
				CLANG_WARN_CONSTANT_CONVERSION = YES;
				CLANG_WARN_DEPRECATED_OBJC_IMPLEMENTATIONS = YES;
				CLANG_WARN_DIRECT_OBJC_ISA_USAGE = YES_ERROR;
				CLANG_WARN_DOCUMENTATION_COMMENTS = YES;
				CLANG_WARN_EMPTY_BODY = YES;
				CLANG_WARN_ENUM_CONVERSION = YES;
				CLANG_WARN_INFINITE_RECURSION = YES;
				CLANG_WARN_INT_CONVERSION = YES;
				CLANG_WARN_NON_LITERAL_NULL_CONVERSION = YES;
				CLANG_WARN_OBJC_IMPLICIT_RETAIN_SELF = YES;
				CLANG_WARN_OBJC_LITERAL_CONVERSION = YES;
				CLANG_WARN_OBJC_ROOT_CLASS = YES_ERROR;
				CLANG_WARN_QUOTED_INCLUDE_IN_FRAMEWORK_HEADER = YES;
				CLANG_WARN_RANGE_LOOP_ANALYSIS = YES;
				CLANG_WARN_STRICT_PROTOTYPES = YES;
				CLANG_WARN_SUSPICIOUS_MOVE = YES;
				CLANG_WARN_UNGUARDED_AVAILABILITY = YES_AGGRESSIVE;
				CLANG_WARN_UNREACHABLE_CODE = YES;
				CLANG_WARN__DUPLICATE_METHOD_MATCH = YES;
				COPY_PHASE_STRIP = NO;
				DEBUG_INFORMATION_FORMAT = dwarf;
				ENABLE_STRICT_OBJC_MSGSEND = YES;
				ENABLE_TESTABILITY = YES;
				GCC_C_LANGUAGE_STANDARD = gnu11;
				GCC_DYNAMIC_NO_PIC = NO;
				GCC_NO_COMMON_BLOCKS = YES;
				GCC_OPTIMIZATION_LEVEL = 0;
				GCC_PREPROCESSOR_DEFINITIONS = (
					"DEBUG=1",
					"$(inherited)",
				);
				GCC_WARN_64_TO_32_BIT_CONVERSION = YES;
				GCC_WARN_ABOUT_RETURN_TYPE = YES_ERROR;
				GCC_WARN_UNDECLARED_SELECTOR = YES;
				GCC_WARN_UNINITIALIZED_AUTOS = YES_AGGRESSIVE;
				GCC_WARN_UNUSED_FUNCTION = YES;
				GCC_WARN_UNUSED_VARIABLE = YES;
				IPHONEOS_DEPLOYMENT_TARGET = 15.5;
				MTL_ENABLE_DEBUG_INFO = INCLUDE_SOURCE;
				MTL_FAST_MATH = YES;
				ONLY_ACTIVE_ARCH = YES;
				SDKROOT = iphoneos;
				SWIFT_ACTIVE_COMPILATION_CONDITIONS = DEBUG;
				SWIFT_OPTIMIZATION_LEVEL = "-Onone";
			};
			name = Debug;
		};
		97097B302851C9FC0078FED9 /* Release */ = {
			isa = XCBuildConfiguration;
			buildSettings = {
				ALWAYS_SEARCH_USER_PATHS = NO;
				CLANG_ANALYZER_NONNULL = YES;
				CLANG_ANALYZER_NUMBER_OBJECT_CONVERSION = YES_AGGRESSIVE;
				CLANG_CXX_LANGUAGE_STANDARD = "gnu++17";
				CLANG_ENABLE_MODULES = YES;
				CLANG_ENABLE_OBJC_ARC = YES;
				CLANG_ENABLE_OBJC_WEAK = YES;
				CLANG_WARN_BLOCK_CAPTURE_AUTORELEASING = YES;
				CLANG_WARN_BOOL_CONVERSION = YES;
				CLANG_WARN_COMMA = YES;
				CLANG_WARN_CONSTANT_CONVERSION = YES;
				CLANG_WARN_DEPRECATED_OBJC_IMPLEMENTATIONS = YES;
				CLANG_WARN_DIRECT_OBJC_ISA_USAGE = YES_ERROR;
				CLANG_WARN_DOCUMENTATION_COMMENTS = YES;
				CLANG_WARN_EMPTY_BODY = YES;
				CLANG_WARN_ENUM_CONVERSION = YES;
				CLANG_WARN_INFINITE_RECURSION = YES;
				CLANG_WARN_INT_CONVERSION = YES;
				CLANG_WARN_NON_LITERAL_NULL_CONVERSION = YES;
				CLANG_WARN_OBJC_IMPLICIT_RETAIN_SELF = YES;
				CLANG_WARN_OBJC_LITERAL_CONVERSION = YES;
				CLANG_WARN_OBJC_ROOT_CLASS = YES_ERROR;
				CLANG_WARN_QUOTED_INCLUDE_IN_FRAMEWORK_HEADER = YES;
				CLANG_WARN_RANGE_LOOP_ANALYSIS = YES;
				CLANG_WARN_STRICT_PROTOTYPES = YES;
				CLANG_WARN_SUSPICIOUS_MOVE = YES;
				CLANG_WARN_UNGUARDED_AVAILABILITY = YES_AGGRESSIVE;
				CLANG_WARN_UNREACHABLE_CODE = YES;
				CLANG_WARN__DUPLICATE_METHOD_MATCH = YES;
				COPY_PHASE_STRIP = NO;
				DEBUG_INFORMATION_FORMAT = "dwarf-with-dsym";
				ENABLE_NS_ASSERTIONS = NO;
				ENABLE_STRICT_OBJC_MSGSEND = YES;
				GCC_C_LANGUAGE_STANDARD = gnu11;
				GCC_NO_COMMON_BLOCKS = YES;
				GCC_WARN_64_TO_32_BIT_CONVERSION = YES;
				GCC_WARN_ABOUT_RETURN_TYPE = YES_ERROR;
				GCC_WARN_UNDECLARED_SELECTOR = YES;
				GCC_WARN_UNINITIALIZED_AUTOS = YES_AGGRESSIVE;
				GCC_WARN_UNUSED_FUNCTION = YES;
				GCC_WARN_UNUSED_VARIABLE = YES;
				IPHONEOS_DEPLOYMENT_TARGET = 15.5;
				MTL_ENABLE_DEBUG_INFO = NO;
				MTL_FAST_MATH = YES;
				SDKROOT = iphoneos;
				SWIFT_COMPILATION_MODE = wholemodule;
				SWIFT_OPTIMIZATION_LEVEL = "-O";
				VALIDATE_PRODUCT = YES;
			};
			name = Release;
		};
		97097B322851C9FC0078FED9 /* Debug */ = {
			isa = XCBuildConfiguration;
			buildSettings = {
				ASSETCATALOG_COMPILER_APPICON_NAME = AppIcon;
				ASSETCATALOG_COMPILER_GLOBAL_ACCENT_COLOR_NAME = AccentColor;
				CODE_SIGN_STYLE = Automatic;
				CURRENT_PROJECT_VERSION = 1;
				GENERATE_INFOPLIST_FILE = YES;
				INFOPLIST_FILE = MyFirstMVP/Info.plist;
				INFOPLIST_KEY_UIApplicationSupportsIndirectInputEvents = YES;
				INFOPLIST_KEY_UILaunchStoryboardName = LaunchScreen;
				INFOPLIST_KEY_UISupportedInterfaceOrientations_iPad = "UIInterfaceOrientationPortrait UIInterfaceOrientationPortraitUpsideDown UIInterfaceOrientationLandscapeLeft UIInterfaceOrientationLandscapeRight";
				INFOPLIST_KEY_UISupportedInterfaceOrientations_iPhone = "UIInterfaceOrientationPortrait UIInterfaceOrientationLandscapeLeft UIInterfaceOrientationLandscapeRight";
				LD_RUNPATH_SEARCH_PATHS = (
					"$(inherited)",
					"@executable_path/Frameworks",
				);
				MARKETING_VERSION = 1.0;
				PRODUCT_BUNDLE_IDENTIFIER = Sheelow.MyFirstMVP;
				PRODUCT_NAME = "$(TARGET_NAME)";
				SWIFT_EMIT_LOC_STRINGS = YES;
				SWIFT_VERSION = 5.0;
				TARGETED_DEVICE_FAMILY = "1,2";
			};
			name = Debug;
		};
		97097B332851C9FC0078FED9 /* Release */ = {
			isa = XCBuildConfiguration;
			buildSettings = {
				ASSETCATALOG_COMPILER_APPICON_NAME = AppIcon;
				ASSETCATALOG_COMPILER_GLOBAL_ACCENT_COLOR_NAME = AccentColor;
				CODE_SIGN_STYLE = Automatic;
				CURRENT_PROJECT_VERSION = 1;
				GENERATE_INFOPLIST_FILE = YES;
				INFOPLIST_FILE = MyFirstMVP/Info.plist;
				INFOPLIST_KEY_UIApplicationSupportsIndirectInputEvents = YES;
				INFOPLIST_KEY_UILaunchStoryboardName = LaunchScreen;
				INFOPLIST_KEY_UISupportedInterfaceOrientations_iPad = "UIInterfaceOrientationPortrait UIInterfaceOrientationPortraitUpsideDown UIInterfaceOrientationLandscapeLeft UIInterfaceOrientationLandscapeRight";
				INFOPLIST_KEY_UISupportedInterfaceOrientations_iPhone = "UIInterfaceOrientationPortrait UIInterfaceOrientationLandscapeLeft UIInterfaceOrientationLandscapeRight";
				LD_RUNPATH_SEARCH_PATHS = (
					"$(inherited)",
					"@executable_path/Frameworks",
				);
				MARKETING_VERSION = 1.0;
				PRODUCT_BUNDLE_IDENTIFIER = Sheelow.MyFirstMVP;
				PRODUCT_NAME = "$(TARGET_NAME)";
				SWIFT_EMIT_LOC_STRINGS = YES;
				SWIFT_VERSION = 5.0;
				TARGETED_DEVICE_FAMILY = "1,2";
			};
			name = Release;
		};
/* End XCBuildConfiguration section */

/* Begin XCConfigurationList section */
		97097B182851C9FC0078FED9 /* Build configuration list for PBXProject "MyFirstMVP" */ = {
			isa = XCConfigurationList;
			buildConfigurations = (
				97097B2F2851C9FC0078FED9 /* Debug */,
				97097B302851C9FC0078FED9 /* Release */,
			);
			defaultConfigurationIsVisible = 0;
			defaultConfigurationName = Release;
		};
		97097B312851C9FC0078FED9 /* Build configuration list for PBXNativeTarget "MyFirstMVP" */ = {
			isa = XCConfigurationList;
			buildConfigurations = (
				97097B322851C9FC0078FED9 /* Debug */,
				97097B332851C9FC0078FED9 /* Release */,
			);
			defaultConfigurationIsVisible = 0;
			defaultConfigurationName = Release;
		};
/* End XCConfigurationList section */

/* Begin XCRemoteSwiftPackageReference section */
		97097B412851CDC20078FED9 /* XCRemoteSwiftPackageReference "SnapKit" */ = {
			isa = XCRemoteSwiftPackageReference;
			repositoryURL = "https://github.com/SnapKit/SnapKit.git";
			requirement = {
				branch = develop;
				kind = branch;
			};
		};
/* End XCRemoteSwiftPackageReference section */

/* Begin XCSwiftPackageProductDependency section */
		97097B422851CDC20078FED9 /* SnapKit */ = {
			isa = XCSwiftPackageProductDependency;
			package = 97097B412851CDC20078FED9 /* XCRemoteSwiftPackageReference "SnapKit" */;
			productName = SnapKit;
		};
/* End XCSwiftPackageProductDependency section */
	};
	rootObject = 97097B152851C9FC0078FED9 /* Project object */;
}
